
Microsoft Visual Studio Solution File, Format Version 12.00
# Visual Studio Version 16
VisualStudioVersion = 16.0.31624.102
MinimumVisualStudioVersion = 10.0.40219.1
Project("{FAE04EC0-301F-11D3-BF4B-00C04F79EFBC}") = "KomodoInsurance.POCO", "KomodoInsurance.POCO\KomodoInsurance.POCO.csproj", "{AA30D26B-E3F8-4EB2-A485-DC2514DDA283}"
EndProject
Project("{FAE04EC0-301F-11D3-BF4B-00C04F79EFBC}") = "KomodoInsuranceTeamTracker.UI", "KomodoInsurance.REPOS\KomodoInsuranceTeamTracker.UI.csproj", "{BBE6F7BE-E872-4ED7-AF73-ED92079DD95B}"
EndProject
Project("{FAE04EC0-301F-11D3-BF4B-00C04F79EFBC}") = "KomodoInsurance01_Repository", "KomodoInsurance01_Repository\KomodoInsurance01_Repository.csproj", "{B5A4E432-B0EF-4D42-A4A5-8373467576B7}"
EndProject
Project("{FAE04EC0-301F-11D3-BF4B-00C04F79EFBC}") = "KomodoTest1", "KomodoTest1\KomodoTest1.csproj", "{F7E43B7B-0EAA-451F-BF4A-A24734693210}"
EndProject
Global
	GlobalSection(SolutionConfigurationPlatforms) = preSolution
		Debug|Any CPU = Debug|Any CPU
		Release|Any CPU = Release|Any CPU
	EndGlobalSection
	GlobalSection(ProjectConfigurationPlatforms) = postSolution
		{AA30D26B-E3F8-4EB2-A485-DC2514DDA283}.Debug|Any CPU.ActiveCfg = Debug|Any CPU
		{AA30D26B-E3F8-4EB2-A485-DC2514DDA283}.Debug|Any CPU.Build.0 = Debug|Any CPU
		{AA30D26B-E3F8-4EB2-A485-DC2514DDA283}.Release|Any CPU.ActiveCfg = Release|Any CPU
		{AA30D26B-E3F8-4EB2-A485-DC2514DDA283}.Release|Any CPU.Build.0 = Release|Any CPU
		{BBE6F7BE-E872-4ED7-AF73-ED92079DD95B}.Debug|Any CPU.ActiveCfg = Debug|Any CPU
		{BBE6F7BE-E872-4ED7-AF73-ED92079DD95B}.Debug|Any CPU.Build.0 = Debug|Any CPU
		{BBE6F7BE-E872-4ED7-AF73-ED92079DD95B}.Release|Any CPU.ActiveCfg = Release|Any CPU
		{BBE6F7BE-E872-4ED7-AF73-ED92079DD95B}.Release|Any CPU.Build.0 = Release|Any CPU
		{B5A4E432-B0EF-4D42-A4A5-8373467576B7}.Debug|Any CPU.ActiveCfg = Debug|Any CPU
		{B5A4E432-B0EF-4D42-A4A5-8373467576B7}.Debug|Any CPU.Build.0 = Debug|Any CPU
		{B5A4E432-B0EF-4D42-A4A5-8373467576B7}.Release|Any CPU.ActiveCfg = Release|Any CPU
		{B5A4E432-B0EF-4D42-A4A5-8373467576B7}.Release|Any CPU.Build.0 = Release|Any CPU
		{F7E43B7B-0EAA-451F-BF4A-A24734693210}.Debug|Any CPU.ActiveCfg = Debug|Any CPU
		{F7E43B7B-0EAA-451F-BF4A-A24734693210}.Debug|Any CPU.Build.0 = Debug|Any CPU
		{F7E43B7B-0EAA-451F-BF4A-A24734693210}.Release|Any CPU.ActiveCfg = Release|Any CPU
		{F7E43B7B-0EAA-451F-BF4A-A24734693210}.Release|Any CPU.Build.0 = Release|Any CPU
	EndGlobalSection
	GlobalSection(SolutionProperties) = preSolution
		HideSolutionNode = FALSE
	EndGlobalSection
	GlobalSection(ExtensibilityGlobals) = postSolution
		SolutionGuid = {8A4F6064-DB5B-4DE2-AEA7-73226357F23C}
	EndGlobalSection
EndGlobal
